{
  "name": "opencode-sdk",
  "version": "1.0.0",
  "lockfileVersion": 3,
  "requires": true,
  "packages": {
    "": {
      "name": "opencode-sdk",
      "version": "1.0.0",
      "dependencies": {
        "@opencode-ai/sdk": "^1.0.0"
      }
    },
    "node_modules/@opencode-ai/sdk": {
      "version": "1.2.10",
      "resolved": "https://registry.npmjs.org/@opencode-ai/sdk/-/sdk-1.2.10.tgz",
      "integrity": "sha512-SyXcVqry2hitPVvQtvXOhqsWyFhSycG/+LTLYXrcq8AFmd9FR7dyBSDB3f5Ol6IPkYOegk8P2Eg2kKPNSNiKGw==",
      "license": "MIT"
    }
  }
}
